PODS:
  - Mantle (1.5):
    - Mantle/extobjc
  - Mantle/extobjc (1.5)
  - NSDate+TimeAgo (1.0.3)
  - ReactiveCocoa (2.3.1):
    - ReactiveCocoa/UI
  - ReactiveCocoa/Core (2.3.1):
    - ReactiveCocoa/no-arc
  - ReactiveCocoa/no-arc (2.3.1)
  - ReactiveCocoa/UI (2.3.1):
    - ReactiveCocoa/Core
  - SDWebImage (3.6):
    - SDWebImage/Core
  - SDWebImage/Core (3.6)
  - SVPullToRefresh (0.4.1)

DEPENDENCIES:
  - Mantle
  - NSDate+TimeAgo
  - ReactiveCocoa
  - SDWebImage
  - SVPullToRefresh

SPEC CHECKSUMS:
  Mantle: c67a7e45e14196ed42b2a7cbb98ff6a9920e6b92
  NSDate+TimeAgo: f3533e0198fab05b716368b19f8c2185d53d6f3b
  ReactiveCocoa: dca75777b9d18990c8714a3a6f2149f29b4d1462
  SDWebImage: c6989652c1cdf27cbdf3f56957e2030f825af5bc
  SVPullToRefresh: d5161ebc833a38b465364412e5e307ca80bbb190

COCOAPODS: 0.33.1
